
Microsoft Visual Studio Solution File, Format Version 12.00
# Visual Studio Version 16
VisualStudioVersion = 16.0.29806.167
MinimumVisualStudioVersion = 10.0.40219.1
Project("{2150E333-8FDC-42A3-9474-1A3956D46DE8}") = "Tests", "Tests", "{07A5AAF0-9E58-48A9-B10E-29BA5305B918}"
EndProject
Project("{9A19103F-16F7-4668-BE54-9A1E7A4F7556}") = "Chap1.AlgorithmicToolbox.Tests", "Tests\Chap1.AlgorithmicToolbox.Tests.csproj", "{FF414012-25FC-44D2-A4E4-776E18780C70}"
EndProject
Project("{9A19103F-16F7-4668-BE54-9A1E7A4F7556}") = "Chap1.AlgorithmicToolbox", "Chap1. AlgorithmicToolbox\Chap1.AlgorithmicToolbox.csproj", "{3217B32A-1F63-440E-9D19-452BC22A1B65}"
EndProject
Project("{9A19103F-16F7-4668-BE54-9A1E7A4F7556}") = "ConsoleApp2", "ConsoleApp2\ConsoleApp2.csproj", "{B1B13514-F200-4A14-BCB8-945162C9B00D}"
EndProject
Global
	GlobalSection(SolutionConfigurationPlatforms) = preSolution
		Debug|Any CPU = Debug|Any CPU
		Release|Any CPU = Release|Any CPU
	EndGlobalSection
	GlobalSection(ProjectConfigurationPlatforms) = postSolution
		{FF414012-25FC-44D2-A4E4-776E18780C70}.Debug|Any CPU.ActiveCfg = Debug|Any CPU
		{FF414012-25FC-44D2-A4E4-776E18780C70}.Debug|Any CPU.Build.0 = Debug|Any CPU
		{FF414012-25FC-44D2-A4E4-776E18780C70}.Release|Any CPU.ActiveCfg = Release|Any CPU
		{FF414012-25FC-44D2-A4E4-776E18780C70}.Release|Any CPU.Build.0 = Release|Any CPU
		{3217B32A-1F63-440E-9D19-452BC22A1B65}.Debug|Any CPU.ActiveCfg = Debug|Any CPU
		{3217B32A-1F63-440E-9D19-452BC22A1B65}.Debug|Any CPU.Build.0 = Debug|Any CPU
		{3217B32A-1F63-440E-9D19-452BC22A1B65}.Release|Any CPU.ActiveCfg = Release|Any CPU
		{3217B32A-1F63-440E-9D19-452BC22A1B65}.Release|Any CPU.Build.0 = Release|Any CPU
		{B1B13514-F200-4A14-BCB8-945162C9B00D}.Debug|Any CPU.ActiveCfg = Debug|Any CPU
		{B1B13514-F200-4A14-BCB8-945162C9B00D}.Debug|Any CPU.Build.0 = Debug|Any CPU
		{B1B13514-F200-4A14-BCB8-945162C9B00D}.Release|Any CPU.ActiveCfg = Release|Any CPU
		{B1B13514-F200-4A14-BCB8-945162C9B00D}.Release|Any CPU.Build.0 = Release|Any CPU
	EndGlobalSection
	GlobalSection(SolutionProperties) = preSolution
		HideSolutionNode = FALSE
	EndGlobalSection
	GlobalSection(NestedProjects) = preSolution
		{FF414012-25FC-44D2-A4E4-776E18780C70} = {07A5AAF0-9E58-48A9-B10E-29BA5305B918}
	EndGlobalSection
	GlobalSection(ExtensibilityGlobals) = postSolution
		SolutionGuid = {58FF0990-5473-4184-8AFA-6C23B7D68619}
	EndGlobalSection
EndGlobal
